{
  "name": "kyos-cli",
  "version": "0.2.10",
  "lockfileVersion": 3,
  "requires": true,
  "packages": {
    "": {
      "name": "kyos-cli",
      "version": "0.2.10",
      "license": "MIT",
      "bin": {
        "kyos": "bin/kyos.js",
        "kyos-cli": "bin/kyos.js"
      },
      "engines": {
        "node": ">=18"
      }
    }
  }
}
